
Microsoft Visual Studio Solution File, Format Version 12.00
# Visual Studio Version 17
VisualStudioVersion = 17.5.002.0
MinimumVisualStudioVersion = 10.0.40219.1
Project("{2150E333-8FDC-42A3-9474-1A3956D46DE8}") = "Examples", "Examples", "{0BA3D88D-2E4A-4019-B7C4-642A5021CAEC}"
EndProject
Project("{2150E333-8FDC-42A3-9474-1A3956D46DE8}") = "ports_project", "ports_project", "{0592F8B8-BA60-4C5A-B746-33576E939B4B}"
EndProject
Project("{9A19103F-16F7-4668-BE54-9A1E7A4F7556}") = "ports_project", "Examples\ports_project\UI_CSharp\ports_project.csproj", "{8D4DE26C-EE45-4E90-AB37-99930A3172EE}"
EndProject
Global
	GlobalSection(SolutionConfigurationPlatforms) = preSolution
		Debug|Any CPU = Debug|Any CPU
		Release|Any CPU = Release|Any CPU
	EndGlobalSection
	GlobalSection(ProjectConfigurationPlatforms) = postSolution
		{8D4DE26C-EE45-4E90-AB37-99930A3172EE}.Debug|Any CPU.ActiveCfg = Debug|Any CPU
		{8D4DE26C-EE45-4E90-AB37-99930A3172EE}.Debug|Any CPU.Build.0 = Debug|Any CPU
		{8D4DE26C-EE45-4E90-AB37-99930A3172EE}.Release|Any CPU.ActiveCfg = Release|Any CPU
		{8D4DE26C-EE45-4E90-AB37-99930A3172EE}.Release|Any CPU.Build.0 = Release|Any CPU
	EndGlobalSection
	GlobalSection(SolutionProperties) = preSolution
		HideSolutionNode = FALSE
	EndGlobalSection
	GlobalSection(NestedProjects) = preSolution
		{0592F8B8-BA60-4C5A-B746-33576E939B4B} = {0BA3D88D-2E4A-4019-B7C4-642A5021CAEC}
		{8D4DE26C-EE45-4E90-AB37-99930A3172EE} = {0592F8B8-BA60-4C5A-B746-33576E939B4B}
	EndGlobalSection
	GlobalSection(ExtensibilityGlobals) = postSolution
		SolutionGuid = {FF34DEE2-C539-4C8C-BFB8-863E9CB6015F}
	EndGlobalSection
EndGlobal
